# THIS IS AN AUTOGENERATED FILE. DO NOT EDIT THIS FILE DIRECTLY.
# yarn lockfile v1


"@bufbuild/buf-darwin-arm64@1.13.1-4":
  version "1.13.1-4"
  resolved "https://registry.yarnpkg.com/@bufbuild/buf-darwin-arm64/-/buf-darwin-arm64-1.13.1-4.tgz#bae9de956edbe6580a7b4dc03ba431464c07c6ae"
  integrity sha512-jBL7Tt9D2/2EVOcYf/K6Zo8Y57b5GVhIM5j+/gjVv3IaXTBiefOuFsIjxS5qoEbrEjKbXjr8YEv7dlzQF1L4qg==

"@bufbuild/buf-darwin-x64@1.13.1-4":
  version "1.13.1-4"
  resolved "https://registry.yarnpkg.com/@bufbuild/buf-darwin-x64/-/buf-darwin-x64-1.13.1-4.tgz#c1f374119594d10d8df91486c1453cfa74825475"
  integrity sha512-CuARW2g+RTkq1Jq9rfvSUilZMyiSKY7TjhodDeoG/ffIW0pDgWa/PK87aTcmVs7Esl+RiJ4rqLfgEBhvWtWyTA==

"@bufbuild/buf-linux-aarch64@1.13.1-4":
  version "1.13.1-4"
  resolved "https://registry.yarnpkg.com/@bufbuild/buf-linux-aarch64/-/buf-linux-aarch64-1.13.1-4.tgz#c01dd7002fab4309b8bca6368df1d74545097a90"
  integrity sha512-8V7fqoP/1gJJLN5cX/UjoGH3mRhC6MsI9PEdnwbWZ42PQGGJsqQ4nuEsfiEPn3JzdlGp/YO5mQAlKayptbyUtQ==

"@bufbuild/buf-linux-x64@1.13.1-4":
  version "1.13.1-4"
  resolved "https://registry.yarnpkg.com/@bufbuild/buf-linux-x64/-/buf-linux-x64-1.13.1-4.tgz#062e1e478439ea226d0515f803c845a3ae0ffb44"
  integrity sha512-rIiGWOdGmCN2xiW6A49BSoiZMdUwSFL2mDOG/TXNbbMiq8RIwDZTvIDBVbd7oH5jjvkejSJMsTPxIYkkVVNxeg==

"@bufbuild/buf-win32-arm64@1.13.1-4":
  version "1.13.1-4"
  resolved "https://registry.yarnpkg.com/@bufbuild/buf-win32-arm64/-/buf-win32-arm64-1.13.1-4.tgz#907175df4d3153eec92212596bc897800b5c23f0"
  integrity sha512-9kIWCTgiR2NrYb67PNcAQ+0/YGV699chsDoc1SoGqNS4lXAZCmFRuQF/xc7NTrMWI6rjhFwtMbp+atXkGaj42g==

"@bufbuild/buf-win32-x64@1.13.1-4":
  version "1.13.1-4"
  resolved "https://registry.yarnpkg.com/@bufbuild/buf-win32-x64/-/buf-win32-x64-1.13.1-4.tgz#b9679d0af26be07fc5f954d1ad31a0552b606fc8"
  integrity sha512-3qSbQpUVGhFiZRcXNVNDtsvlsO+N9rnGtJ72OXd+SI7Fof8lxrDz1vaQoAGEBlTSi76xbJz/tSWx411U0A58CQ==

"@bufbuild/buf@^1.13.1-4":
  version "1.13.1-4"
  resolved "https://registry.yarnpkg.com/@bufbuild/buf/-/buf-1.13.1-4.tgz#d62189aa2bbbbba3e85f02e3363963ce82e5df79"
  integrity sha512-g4JxgO62Twk2NTRdyeuh2QW3U9sGQ0YTU/eccY3jmujLBLgVvsL2oW6+dWCVndQm2eyrN1Z2n/NA29KWr9Rq0g==
  optionalDependencies:
    "@bufbuild/buf-darwin-arm64" "1.13.1-4"
    "@bufbuild/buf-darwin-x64" "1.13.1-4"
    "@bufbuild/buf-linux-aarch64" "1.13.1-4"
    "@bufbuild/buf-linux-x64" "1.13.1-4"
    "@bufbuild/buf-win32-arm64" "1.13.1-4"
    "@bufbuild/buf-win32-x64" "1.13.1-4"
